
Microsoft Visual Studio Solution File, Format Version 10.00
# Visual Studio 2008
Project("{FAE04EC0-301F-11D3-BF4B-00C04F79EFBC}") = "UniversalParser", "UniversalParser\UniversalParser.csproj", "{892FF280-E1CF-4282-8CF7-0C419985B527}"
EndProject
Project("{FAE04EC0-301F-11D3-BF4B-00C04F79EFBC}") = "uparse", "uparse\uparse.csproj", "{42CF34E3-71C0-4C60-944C-80666D6BE082}"
EndProject
Global
	GlobalSection(SolutionConfigurationPlatforms) = preSolution
		Debug|Any CPU = Debug|Any CPU
		Release|Any CPU = Release|Any CPU
	EndGlobalSection
	GlobalSection(ProjectConfigurationPlatforms) = postSolution
		{892FF280-E1CF-4282-8CF7-0C419985B527}.Debug|Any CPU.ActiveCfg = Debug|Any CPU
		{892FF280-E1CF-4282-8CF7-0C419985B527}.Debug|Any CPU.Build.0 = Debug|Any CPU
		{892FF280-E1CF-4282-8CF7-0C419985B527}.Release|Any CPU.ActiveCfg = Release|Any CPU
		{892FF280-E1CF-4282-8CF7-0C419985B527}.Release|Any CPU.Build.0 = Release|Any CPU
		{42CF34E3-71C0-4C60-944C-80666D6BE082}.Debug|Any CPU.ActiveCfg = Debug|Any CPU
		{42CF34E3-71C0-4C60-944C-80666D6BE082}.Debug|Any CPU.Build.0 = Debug|Any CPU
		{42CF34E3-71C0-4C60-944C-80666D6BE082}.Release|Any CPU.ActiveCfg = Release|Any CPU
		{42CF34E3-71C0-4C60-944C-80666D6BE082}.Release|Any CPU.Build.0 = Release|Any CPU
	EndGlobalSection
	GlobalSection(SolutionProperties) = preSolution
		HideSolutionNode = FALSE
	EndGlobalSection
EndGlobal
